
Microsoft Visual Studio Solution File, Format Version 12.00
# Visual Studio Version 17
VisualStudioVersion = 17.3.32901.215
MinimumVisualStudioVersion = 10.0.40219.1
Project("{FAE04EC0-301F-11D3-BF4B-00C04F79EFBC}") = "Parcial_1_Martos", "Parcial_1_Martos.csproj", "{A345A510-E396-4253-B270-526C23D2BE46}"
EndProject
Global
	GlobalSection(SolutionConfigurationPlatforms) = preSolution
		Debug|Any CPU = Debug|Any CPU
		Release|Any CPU = Release|Any CPU
	EndGlobalSection
	GlobalSection(ProjectConfigurationPlatforms) = postSolution
		{A345A510-E396-4253-B270-526C23D2BE46}.Debug|Any CPU.ActiveCfg = Debug|Any CPU
		{A345A510-E396-4253-B270-526C23D2BE46}.Debug|Any CPU.Build.0 = Debug|Any CPU
		{A345A510-E396-4253-B270-526C23D2BE46}.Release|Any CPU.ActiveCfg = Release|Any CPU
		{A345A510-E396-4253-B270-526C23D2BE46}.Release|Any CPU.Build.0 = Release|Any CPU
	EndGlobalSection
	GlobalSection(SolutionProperties) = preSolution
		HideSolutionNode = FALSE
	EndGlobalSection
	GlobalSection(ExtensibilityGlobals) = postSolution
		SolutionGuid = {1EC74539-3762-4C26-B81E-8309618003DD}
	EndGlobalSection
EndGlobal
